
Microsoft Visual Studio Solution File, Format Version 11.00
# Visual Studio 2010
Project("{FAE04EC0-301F-11D3-BF4B-00C04F79EFBC}") = "ConferenceStarterKit", "ConferenceStarterKit\ConferenceStarterKit.csproj", "{D58E3370-066D-498F-8C85-6C70260217BB}"
EndProject
Global
	GlobalSection(SolutionConfigurationPlatforms) = preSolution
		Debug|Any CPU = Debug|Any CPU
		Release|Any CPU = Release|Any CPU
	EndGlobalSection
	GlobalSection(ProjectConfigurationPlatforms) = postSolution
		{D58E3370-066D-498F-8C85-6C70260217BB}.Debug|Any CPU.ActiveCfg = Debug|Any CPU
		{D58E3370-066D-498F-8C85-6C70260217BB}.Debug|Any CPU.Build.0 = Debug|Any CPU
		{D58E3370-066D-498F-8C85-6C70260217BB}.Debug|Any CPU.Deploy.0 = Debug|Any CPU
		{D58E3370-066D-498F-8C85-6C70260217BB}.Release|Any CPU.ActiveCfg = Release|Any CPU
		{D58E3370-066D-498F-8C85-6C70260217BB}.Release|Any CPU.Build.0 = Release|Any CPU
		{D58E3370-066D-498F-8C85-6C70260217BB}.Release|Any CPU.Deploy.0 = Release|Any CPU
	EndGlobalSection
	GlobalSection(SolutionProperties) = preSolution
		HideSolutionNode = FALSE
	EndGlobalSection
EndGlobal
